<?xml version="1.0" encoding="utf-8"?>
<Project ToolsVersion="4.0" xmlns="http://schemas.microsoft.com/developer/msbuild/2003">
  <ItemGroup>
    <Filter Include="リソース ファイル">
      <UniqueIdentifier>{67DA6AB6-F800-4c08-8B7A-83BB121AAD01}</UniqueIdentifier>
      <Extensions>rc;ico;cur;bmp;dlg;rc2;rct;bin;rgs;gif;jpg;jpeg;jpe;resx;tiff;tif;png;wav;mfcribbon-ms</Extensions>
    </Filter>
    <Filter Include="リソース ファイル\hlsl">
      <UniqueIdentifier>{35d39956-fa52-4e51-b1d6-3e70ed846589}</UniqueIdentifier>
    </Filter>
    <Filter Include="project">
      <UniqueIdentifier>{dc7b2706-1312-4e63-a0f7-fb209a17b517}</UniqueIdentifier>
    </Filter>
    <Filter Include="project\application">
      <UniqueIdentifier>{d7ee020e-5397-4732-bf5b-eee76aaf3304}</UniqueIdentifier>
    </Filter>
    <Filter Include="project\application\Object">
      <UniqueIdentifier>{5c7dd7d1-54cd-40ef-a87f-48b554a85336}</UniqueIdentifier>
    </Filter>
    <Filter Include="project\application\Object\Box">
      <UniqueIdentifier>{fd0a3a77-9537-4e3a-ab2e-d2f780cdba14}</UniqueIdentifier>
    </Filter>
    <Filter Include="project\application\Object\Camera">
      <UniqueIdentifier>{fcc43b17-2f9d-4176-a5df-eb746053bd7c}</UniqueIdentifier>
    </Filter>
    <Filter Include="project\application\Object\Enemy">
      <UniqueIdentifier>{1c6ae35c-a022-43fd-b138-43029548ab26}</UniqueIdentifier>
    </Filter>
    <Filter Include="project\application\Object\Enemy\Boss">
      <UniqueIdentifier>{7fb49185-af61-4311-97ea-2e562831c6dc}</UniqueIdentifier>
    </Filter>
    <Filter Include="project\application\Object\Enemy\Manager">
      <UniqueIdentifier>{e42d649d-a287-410b-a9ca-ac60425a8fa2}</UniqueIdentifier>
    </Filter>
    <Filter Include="project\application\Object\Enemy\Boss\DummyBall">
      <UniqueIdentifier>{b18b2d78-5397-40c3-9384-2bdc684b83eb}</UniqueIdentifier>
    </Filter>
    <Filter Include="project\application\Object\Enemy\Boss\State">
      <UniqueIdentifier>{46937a93-7587-4b45-b325-8dedf9adff74}</UniqueIdentifier>
    </Filter>
    <Filter Include="project\application\Object\Enemy\Boss\Ball">
      <UniqueIdentifier>{031599da-f3ee-4545-8a5d-2dd1afef5843}</UniqueIdentifier>
    </Filter>
    <Filter Include="project\application\Object\FloorManager">
      <UniqueIdentifier>{557106ac-c0cc-4ca1-b221-043c2bd87bb6}</UniqueIdentifier>
    </Filter>
    <Filter Include="project\application\Object\Plane">
      <UniqueIdentifier>{e3899f20-83f8-467a-b376-d199e5e80aba}</UniqueIdentifier>
    </Filter>
    <Filter Include="project\application\Object\Player">
      <UniqueIdentifier>{df916220-3659-4652-a8db-ad3d37e4272d}</UniqueIdentifier>
    </Filter>
    <Filter Include="project\application\Object\SkyBox">
      <UniqueIdentifier>{ad96e47c-9728-4a42-8293-b8672b24ed87}</UniqueIdentifier>
    </Filter>
    <Filter Include="project\application\Object\SkyDome">
      <UniqueIdentifier>{bb58a100-7bf6-4fa6-ac91-49b9e4b537c1}</UniqueIdentifier>
    </Filter>
    <Filter Include="project\application\Object\Transition">
      <UniqueIdentifier>{298cb718-2539-488c-b4d6-7eacb0cd99b2}</UniqueIdentifier>
    </Filter>
    <Filter Include="project\application\Object\Transition\Fade">
      <UniqueIdentifier>{58c589cf-71fd-4041-bd8c-659bf1ccb8be}</UniqueIdentifier>
    </Filter>
    <Filter Include="project\application\Scenes">
      <UniqueIdentifier>{0539b9c1-7fb8-4eb3-a615-678382adb491}</UniqueIdentifier>
    </Filter>
    <Filter Include="project\application\Scenes\Manager">
      <UniqueIdentifier>{daeb2fcd-4940-4d0d-baee-986e979d4796}</UniqueIdentifier>
    </Filter>
    <Filter Include="project\application\Scenes\State">
      <UniqueIdentifier>{8d14c175-8e5d-4e08-bc4d-1d8a614367a1}</UniqueIdentifier>
    </Filter>
    <Filter Include="project\application\Scenes\State\Clear">
      <UniqueIdentifier>{19c2729b-418a-4fa6-8f83-1c630cc1153a}</UniqueIdentifier>
    </Filter>
    <Filter Include="project\application\Scenes\State\GameOver">
      <UniqueIdentifier>{4486f6a8-22b8-4180-9fa0-ebbf6889841e}</UniqueIdentifier>
    </Filter>
    <Filter Include="project\application\Scenes\State\Play">
      <UniqueIdentifier>{6edb7336-f625-4c01-b2ca-e28527af891d}</UniqueIdentifier>
    </Filter>
    <Filter Include="project\application\Scenes\State\Title">
      <UniqueIdentifier>{cfe2b814-6cd0-43be-9fdf-b83444081975}</UniqueIdentifier>
    </Filter>
    <Filter Include="project\externals">
      <UniqueIdentifier>{7264af4d-944d-4f28-b21b-89d473732c8f}</UniqueIdentifier>
    </Filter>
    <Filter Include="project\externals\imgui">
      <UniqueIdentifier>{ea3df40d-b394-4ec7-ae6f-763b3d107a58}</UniqueIdentifier>
    </Filter>
    <Filter Include="project\externals\imguizmo">
      <UniqueIdentifier>{568ab39f-b2a7-40d9-9741-27c2e5e9e5bb}</UniqueIdentifier>
    </Filter>
    <Filter Include="project\externals\assimp">
      <UniqueIdentifier>{97ab391b-5f99-47ec-8148-3359b7246b3d}</UniqueIdentifier>
    </Filter>
    <Filter Include="project\externals\assimp\include">
      <UniqueIdentifier>{40f251c6-3b18-4890-a03b-95290d4521f3}</UniqueIdentifier>
    </Filter>
    <Filter Include="project\externals\assimp\include\assimp">
      <UniqueIdentifier>{d5f0ee17-0d9f-4d62-9e38-a84287ba7a8f}</UniqueIdentifier>
    </Filter>
    <Filter Include="project\externals\assimp\include\assimp\Compiler">
      <UniqueIdentifier>{e0c79085-1031-49ae-8a1f-9b90f45d8d36}</UniqueIdentifier>
    </Filter>
    <Filter Include="project\externals\assimp\include\assimp\port">
      <UniqueIdentifier>{f16a700f-5e22-4e0b-8468-382565e65f34}</UniqueIdentifier>
    </Filter>
    <Filter Include="project\Engine">
      <UniqueIdentifier>{861af4d5-3558-4d04-b401-56f592d6ea2c}</UniqueIdentifier>
    </Filter>
    <Filter Include="project\Engine\Animation">
      <UniqueIdentifier>{ad75e012-ca46-4d28-98dd-e2d36f2c0762}</UniqueIdentifier>
    </Filter>
    <Filter Include="project\Engine\Animation\KeyFrame">
      <UniqueIdentifier>{82ca6352-b88f-42c9-8b0c-e56a2f43364c}</UniqueIdentifier>
    </Filter>
    <Filter Include="project\Engine\Animation\KeyFrame\struct">
      <UniqueIdentifier>{5058d695-9062-4818-b743-0f14262e4efb}</UniqueIdentifier>
    </Filter>
    <Filter Include="project\Engine\Audio">
      <UniqueIdentifier>{f83829ed-9c6d-4074-b251-3370b447ad90}</UniqueIdentifier>
    </Filter>
    <Filter Include="project\Engine\Camera">
      <UniqueIdentifier>{83eb9341-d07b-4046-8525-96393a50cc9f}</UniqueIdentifier>
    </Filter>
    <Filter Include="project\Engine\Camera\DebugCamera">
      <UniqueIdentifier>{8b9bc0bc-47b0-426f-b241-7953e8c71723}</UniqueIdentifier>
    </Filter>
    <Filter Include="project\Engine\Collider">
      <UniqueIdentifier>{0a9c68e3-19ae-4e6e-94e4-55158d97d1d7}</UniqueIdentifier>
    </Filter>
    <Filter Include="project\Engine\Collider\Box">
      <UniqueIdentifier>{9774812e-b44e-4c05-bd32-5661230230cd}</UniqueIdentifier>
    </Filter>
    <Filter Include="project\Engine\Collider\Circle">
      <UniqueIdentifier>{058b0396-7638-494f-985d-578fb0ed6fa9}</UniqueIdentifier>
    </Filter>
    <Filter Include="project\Engine\Collider\ColliderModel">
      <UniqueIdentifier>{46931514-ca89-44f9-b389-4bf6b65d3fb8}</UniqueIdentifier>
    </Filter>
    <Filter Include="project\Engine\Collider\ColliderModel\Box">
      <UniqueIdentifier>{a9e4a148-cac6-4d28-8cb0-207223a80908}</UniqueIdentifier>
    </Filter>
    <Filter Include="project\Engine\Collider\ColliderModel\OBB">
      <UniqueIdentifier>{1c785e9a-70f9-42ed-9e6a-77093daeb7e5}</UniqueIdentifier>
    </Filter>
    <Filter Include="project\Engine\Collider\ContactRecord">
      <UniqueIdentifier>{d507f1a3-32ef-4f9e-bf1a-9add95a5610a}</UniqueIdentifier>
    </Filter>
    <Filter Include="project\Engine\Collider\Manager">
      <UniqueIdentifier>{e4d77d3d-7818-4bd7-b0c4-66787d8ec5d5}</UniqueIdentifier>
    </Filter>
    <Filter Include="project\Engine\Collider\OBB">
      <UniqueIdentifier>{f3e8b57a-52d3-4d7c-8a2f-fecfe4edc5b4}</UniqueIdentifier>
    </Filter>
    <Filter Include="project\Engine\Input">
      <UniqueIdentifier>{49b3ff11-b79f-4001-b77a-a6324b522fc0}</UniqueIdentifier>
    </Filter>
    <Filter Include="project\Engine\Manager">
      <UniqueIdentifier>{a8eed34b-33eb-4398-b299-c4e0fc62f1c2}</UniqueIdentifier>
    </Filter>
    <Filter Include="project\Engine\Manager\PSO">
      <UniqueIdentifier>{e4304feb-fd6e-4667-9b91-882f0c88cc08}</UniqueIdentifier>
    </Filter>
    <Filter Include="project\Engine\Manager\RTV">
      <UniqueIdentifier>{7f3d3e7b-46e8-4f47-b3dc-055f3d392a1a}</UniqueIdentifier>
    </Filter>
    <Filter Include="project\Engine\Manager\SRV">
      <UniqueIdentifier>{da0ffdd6-e4f1-49fa-a16c-6562f7d50e5f}</UniqueIdentifier>
    </Filter>
    <Filter Include="project\Engine\Math">
      <UniqueIdentifier>{87b4747d-9fc9-48b6-9b92-c2630b72220f}</UniqueIdentifier>
    </Filter>
    <Filter Include="project\Engine\Math\Matrix">
      <UniqueIdentifier>{c6379aa8-4e3e-4a9c-8f65-58a7b754ca56}</UniqueIdentifier>
    </Filter>
    <Filter Include="project\Engine\Math\Quaternion">
      <UniqueIdentifier>{005bae87-e316-40e6-a50e-77e3200aa745}</UniqueIdentifier>
    </Filter>
    <Filter Include="project\Engine\Math\Vector">
      <UniqueIdentifier>{7fb4252b-7ff4-4b56-a4f4-a52fbb5fbcf9}</UniqueIdentifier>
    </Filter>
    <Filter Include="project\Engine\Model_Struct">
      <UniqueIdentifier>{73939f7d-cb0a-4e43-8d59-dafcbde55a75}</UniqueIdentifier>
    </Filter>
    <Filter Include="project\Engine\Common">
      <UniqueIdentifier>{9d6bca2a-eb43-4200-a76d-ef9be86260dd}</UniqueIdentifier>
    </Filter>
    <Filter Include="project\Engine\Common\Engine">
      <UniqueIdentifier>{95476d92-566c-4523-9c7a-e377a69128c7}</UniqueIdentifier>
    </Filter>
    <Filter Include="project\Engine\Common\WinApp">
      <UniqueIdentifier>{42bca4bc-3e5c-4be2-bc80-f92cb4a9fd23}</UniqueIdentifier>
    </Filter>
    <Filter Include="project\Engine\Common\DirectX">
      <UniqueIdentifier>{91425265-6492-4f18-98f6-faf322bcd69b}</UniqueIdentifier>
    </Filter>
    <Filter Include="project\Engine\ParticleSystem">
      <UniqueIdentifier>{938d2fa0-42e7-4197-a0cb-573b0bfd54d4}</UniqueIdentifier>
    </Filter>
    <Filter Include="project\Engine\ParticleSystem\Emitter">
      <UniqueIdentifier>{774b0f31-036f-487b-9f13-72589c82f6d6}</UniqueIdentifier>
    </Filter>
    <Filter Include="project\Engine\ParticleSystem\Pipeline">
      <UniqueIdentifier>{cb0173ab-ac6e-4e72-a16c-0ff136025796}</UniqueIdentifier>
    </Filter>
    <Filter Include="project\Engine\PipeLineState">
      <UniqueIdentifier>{ded4c6a4-0a6a-48ec-8030-e2901c5e9879}</UniqueIdentifier>
    </Filter>
    <Filter Include="project\Engine\PipeLineState\CubeMap">
      <UniqueIdentifier>{e0f9d211-f753-473f-b21d-b9e1206c1c45}</UniqueIdentifier>
    </Filter>
    <Filter Include="project\Engine\PipeLineState\DrawLine">
      <UniqueIdentifier>{226688cb-8329-4bd9-9ce7-c9f051e5dbd5}</UniqueIdentifier>
    </Filter>
    <Filter Include="project\Engine\PipeLineState\GaussianFilter">
      <UniqueIdentifier>{0203db64-97c5-4fba-b079-acbc5a78b53f}</UniqueIdentifier>
    </Filter>
    <Filter Include="project\Engine\PipeLineState\GrayScale">
      <UniqueIdentifier>{cc75649d-6ecd-4726-8393-35f77af73e81}</UniqueIdentifier>
    </Filter>
    <Filter Include="project\Engine\PipeLineState\LuminanceBasedOutline">
      <UniqueIdentifier>{1feda1c9-3c7f-49d4-b77d-46b2b7e0f77f}</UniqueIdentifier>
    </Filter>
    <Filter Include="project\Engine\PipeLineState\MotionBlur">
      <UniqueIdentifier>{365dd6bd-4bd0-47cb-bd0e-423abeaa1aa7}</UniqueIdentifier>
    </Filter>
    <Filter Include="project\Engine\PipeLineState\PostProsess">
      <UniqueIdentifier>{adf6c344-8fbd-4ab5-a19a-3db3115aae50}</UniqueIdentifier>
    </Filter>
    <Filter Include="project\Engine\PipeLineState\RGBtoHSV">
      <UniqueIdentifier>{6bd16cf7-d6e1-447f-be77-d8d81aaf78f8}</UniqueIdentifier>
    </Filter>
    <Filter Include="project\Engine\PipeLineState\Skinning">
      <UniqueIdentifier>{dc20b81c-5313-488f-8626-28cb28fb829a}</UniqueIdentifier>
    </Filter>
    <Filter Include="project\Engine\PipeLineState\Sprite">
      <UniqueIdentifier>{1c553668-d35a-40fe-abd6-69690e8cad7b}</UniqueIdentifier>
    </Filter>
    <Filter Include="project\Engine\PipeLineState\Standard">
      <UniqueIdentifier>{85d50a78-fe0d-4da0-99da-fc4d202d49b8}</UniqueIdentifier>
    </Filter>
    <Filter Include="project\Engine\PipeLineState\Vignetting">
      <UniqueIdentifier>{216f7745-b01b-4c79-89f3-26b28b86c6b8}</UniqueIdentifier>
    </Filter>
    <Filter Include="project\Engine\PipeLineState\WireFlame">
      <UniqueIdentifier>{c6275599-5e4c-4a01-9fb9-6af17b5511e6}</UniqueIdentifier>
    </Filter>
    <Filter Include="project\Engine\PipeLineState\Dissolve">
      <UniqueIdentifier>{2de4948c-528a-438a-bef4-37aaa63a04b7}</UniqueIdentifier>
    </Filter>
    <Filter Include="project\Engine\Renderer">
      <UniqueIdentifier>{d8cafa05-6e52-442b-88f8-225b6d5d1ab2}</UniqueIdentifier>
    </Filter>
    <Filter Include="project\Engine\ShaderCompiler">
      <UniqueIdentifier>{9a310ae4-f5da-4e63-8f49-2643faa95ec5}</UniqueIdentifier>
    </Filter>
    <Filter Include="project\Engine\Utility">
      <UniqueIdentifier>{5a099ea9-f46d-4895-adc4-1c7ba8f5c2b1}</UniqueIdentifier>
    </Filter>
    <Filter Include="project\Engine\Utility\ease">
      <UniqueIdentifier>{623bf1e5-7dd3-4868-b82a-bdf328f0cda1}</UniqueIdentifier>
    </Filter>
    <Filter Include="project\Engine\Editer">
      <UniqueIdentifier>{2fe054c6-1972-445e-8a96-0882964260d5}</UniqueIdentifier>
    </Filter>
    <Filter Include="project\Engine\Light">
      <UniqueIdentifier>{5365627d-ccf1-468c-8def-efe2241d2d09}</UniqueIdentifier>
    </Filter>
    <Filter Include="project\Engine\Object">
      <UniqueIdentifier>{156547ab-ada1-4d96-abcd-fb811cc1bab3}</UniqueIdentifier>
    </Filter>
    <Filter Include="project\Engine\Object\Line">
      <UniqueIdentifier>{88bbb978-52b4-45a8-a915-f3d44be539ab}</UniqueIdentifier>
    </Filter>
    <Filter Include="project\Engine\Object\Manager">
      <UniqueIdentifier>{fd256f06-f087-4a14-992d-160384ac31cf}</UniqueIdentifier>
    </Filter>
    <Filter Include="project\Engine\Object\Mesh">
      <UniqueIdentifier>{f7b84d84-dae7-48f7-a376-15bd6fe084a1}</UniqueIdentifier>
    </Filter>
    <Filter Include="project\Engine\Object\Model">
      <UniqueIdentifier>{fb92ae98-83de-444c-82d2-a3ba626b54aa}</UniqueIdentifier>
    </Filter>
    <Filter Include="project\Engine\Object\Sphere">
      <UniqueIdentifier>{4feba94b-c836-4711-a70a-89d534743d79}</UniqueIdentifier>
    </Filter>
    <Filter Include="project\Engine\PostProsess">
      <UniqueIdentifier>{a352b819-8922-4672-9cf5-eada58ba5756}</UniqueIdentifier>
    </Filter>
    <Filter Include="project\Engine\PostProsess\CubeMap">
      <UniqueIdentifier>{05078528-c02e-4353-9a7a-f7b98acb443d}</UniqueIdentifier>
    </Filter>
    <Filter Include="project\Engine\PostProsess\Filter">
      <UniqueIdentifier>{5fec5b1c-32d1-416d-a5bc-f72cacb67237}</UniqueIdentifier>
    </Filter>
    <Filter Include="project\Engine\PostProsess\GrayScale">
      <UniqueIdentifier>{7da15223-3ddf-4df2-8837-4e962629bd61}</UniqueIdentifier>
    </Filter>
    <Filter Include="project\Engine\PostProsess\LuminanceBasedOutline">
      <UniqueIdentifier>{8d32dd24-3d26-4339-90ac-0c4ac21a335e}</UniqueIdentifier>
    </Filter>
    <Filter Include="project\Engine\PostProsess\Normal">
      <UniqueIdentifier>{d1dbefc6-e367-4b29-8ecc-ac9e316de834}</UniqueIdentifier>
    </Filter>
    <Filter Include="project\Engine\PostProsess\RGBtoHSV">
      <UniqueIdentifier>{cc8255c4-5ea8-4e8d-9154-4148f74dddd7}</UniqueIdentifier>
    </Filter>
    <Filter Include="project\Engine\PostProsess\Vinette">
      <UniqueIdentifier>{c01fafd4-f08a-4e0c-b7f5-07a93361dfe4}</UniqueIdentifier>
    </Filter>
    <Filter Include="project\Engine\PostProsess\Dissolve">
      <UniqueIdentifier>{d56d04ab-e0e8-4c63-afa7-258107f3e9dd}</UniqueIdentifier>
    </Filter>
    <Filter Include="project\Engine\Texture">
      <UniqueIdentifier>{467c6eea-643d-46be-b8df-c820d15227fd}</UniqueIdentifier>
    </Filter>
    <Filter Include="project\Engine\ViewProj">
      <UniqueIdentifier>{3018320a-21f0-4dcc-8167-c03d364d81f8}</UniqueIdentifier>
    </Filter>
    <Filter Include="project\Engine\WorldTransform">
      <UniqueIdentifier>{448dd27f-071c-4537-a2a9-e680a1c4fb78}</UniqueIdentifier>
    </Filter>
    <Filter Include="project\Engine\Sprite">
      <UniqueIdentifier>{ea325212-4ec9-4b84-b52e-a183dddd1252}</UniqueIdentifier>
    </Filter>
    <Filter Include="project\application\Object\Player\State">
      <UniqueIdentifier>{8281d9f6-9852-4c62-a6fd-384f351900e0}</UniqueIdentifier>
    </Filter>
    <Filter Include="project\application\Object\Player\State\PDead">
      <UniqueIdentifier>{283f9cf6-1a37-42bf-847c-c7596cb54529}</UniqueIdentifier>
    </Filter>
    <Filter Include="project\application\Object\Player\State\PRoot">
      <UniqueIdentifier>{976fca1a-1e42-4dab-afe2-812433c99c80}</UniqueIdentifier>
    </Filter>
    <Filter Include="project\application\Object\Player\State\PJump">
      <UniqueIdentifier>{879dff63-2823-498c-9be5-796d5a39e123}</UniqueIdentifier>
    </Filter>
    <Filter Include="project\application\Object\Player\State\PAttack">
      <UniqueIdentifier>{a62053bf-de88-457d-8a39-d804d4da6649}</UniqueIdentifier>
    </Filter>
    <Filter Include="project\application\Object\Enemy\Boss\State\EDead">
      <UniqueIdentifier>{e6b3a3b3-0a57-4992-ade0-b3314d342ebc}</UniqueIdentifier>
    </Filter>
    <Filter Include="project\application\Object\Enemy\Boss\State\EDown">
      <UniqueIdentifier>{8e02e915-e595-41a8-9f55-2c1397b5aac9}</UniqueIdentifier>
    </Filter>
    <Filter Include="project\application\Object\Enemy\Boss\State\ERoot">
      <UniqueIdentifier>{821d0d0c-210c-41a8-a3e5-4db529a65bd8}</UniqueIdentifier>
    </Filter>
    <Filter Include="project\application\Object\Enemy\Boss\State\ESpawn">
      <UniqueIdentifier>{f39d5ad4-d19d-42ee-aaf6-c63a8030eae0}</UniqueIdentifier>
    </Filter>
    <Filter Include="project\application\Object\Enemy\Boss\State\EAttackSlam">
      <UniqueIdentifier>{518d673c-cf12-4c40-9615-e37fddb51f4b}</UniqueIdentifier>
    </Filter>
    <Filter Include="project\application\Object\Enemy\Boss\State\EAttackThrowball">
      <UniqueIdentifier>{c8a3b1e0-f782-4e68-a91d-fff2ffa78a6d}</UniqueIdentifier>
    </Filter>
    <Filter Include="project\application\Object\Enemy\Boss\State\EReturnPosition">
      <UniqueIdentifier>{0fee8fb6-9145-4b54-b4a0-b258594cbc3c}</UniqueIdentifier>
    </Filter>
    <Filter Include="project\application\Object\Enemy\Boss\State\ERocketPunch">
      <UniqueIdentifier>{d8873748-2b29-45f1-9b9a-ec22d20e0814}</UniqueIdentifier>
    </Filter>
    <Filter Include="project\application\Scenes\State\Play\PauseManu">
      <UniqueIdentifier>{136960c2-7ed6-4dd1-b6bb-d9d7eb23bd43}</UniqueIdentifier>
    </Filter>
  </ItemGroup>
  <ItemGroup>
    <ClCompile Include="project\application\Object\Box\BoxObject.cpp">
      <Filter>project\application\Object\Box</Filter>
    </ClCompile>
    <ClCompile Include="project\application\Object\Camera\FollowCamera.cpp">
      <Filter>project\application\Object\Camera</Filter>
    </ClCompile>
    <ClCompile Include="project\application\Object\Enemy\Enemy.cpp">
      <Filter>project\application\Object\Enemy</Filter>
    </ClCompile>
    <ClCompile Include="project\application\Object\Enemy\Manager\EnemyManager.cpp">
      <Filter>project\application\Object\Enemy\Manager</Filter>
    </ClCompile>
    <ClCompile Include="project\application\Object\Enemy\Boss\Boss.cpp">
      <Filter>project\application\Object\Enemy\Boss</Filter>
    </ClCompile>
    <ClCompile Include="project\application\Object\Enemy\Boss\Ball\Ball.cpp">
      <Filter>project\application\Object\Enemy\Boss\Ball</Filter>
    </ClCompile>
    <ClCompile Include="project\application\Object\Enemy\Boss\DummyBall\DummyBall.cpp">
      <Filter>project\application\Object\Enemy\Boss\DummyBall</Filter>
    </ClCompile>
    <ClCompile Include="project\application\Object\Enemy\Boss\State\EDown\EDown.cpp">
      <Filter>project\application\Object\Enemy\Boss\State\EDown</Filter>
    </ClCompile>
    <ClCompile Include="project\application\Object\Enemy\Boss\State\EDead\EDead.cpp">
      <Filter>project\application\Object\Enemy\Boss\State\EDead</Filter>
    </ClCompile>
    <ClCompile Include="project\application\Object\Enemy\Boss\State\EAttackSlam\EAttackSlam.cpp">
      <Filter>project\application\Object\Enemy\Boss\State\EAttackSlam</Filter>
    </ClCompile>
    <ClCompile Include="project\application\Object\Enemy\Boss\State\EAttackThrowball\EAttackThrowball.cpp">
      <Filter>project\application\Object\Enemy\Boss\State\EAttackThrowball</Filter>
    </ClCompile>
    <ClCompile Include="project\application\Object\Enemy\Boss\State\EReturnPosition\EReturnPosition.cpp">
      <Filter>project\application\Object\Enemy\Boss\State\EReturnPosition</Filter>
    </ClCompile>
    <ClCompile Include="project\application\Object\Enemy\Boss\State\ESpawn\ESpawn.cpp">
      <Filter>project\application\Object\Enemy\Boss\State\ESpawn</Filter>
    </ClCompile>
    <ClCompile Include="project\application\Object\Enemy\Boss\State\ERoot\ERoot.cpp">
      <Filter>project\application\Object\Enemy\Boss\State\ERoot</Filter>
    </ClCompile>
    <ClCompile Include="project\application\Object\FloorManager\FloorManager.cpp">
      <Filter>project\application\Object\FloorManager</Filter>
    </ClCompile>
    <ClCompile Include="project\application\Object\Plane\PlaneObject.cpp">
      <Filter>project\application\Object\Plane</Filter>
    </ClCompile>
    <ClCompile Include="project\application\Object\Player\Player.cpp">
      <Filter>project\application\Object\Player</Filter>
    </ClCompile>
    <ClCompile Include="project\application\Object\SkyBox\SkyBox.cpp">
      <Filter>project\application\Object\SkyBox</Filter>
    </ClCompile>
    <ClCompile Include="project\application\Object\SkyDome\SkyDome.cpp">
      <Filter>project\application\Object\SkyDome</Filter>
    </ClCompile>
    <ClCompile Include="project\application\Object\Transition\Fade\Fade.cpp">
      <Filter>project\application\Object\Transition\Fade</Filter>
    </ClCompile>
    <ClCompile Include="project\application\Scenes\Manager\GameManager.cpp">
      <Filter>project\application\Scenes\Manager</Filter>
    </ClCompile>
    <ClCompile Include="project\application\Scenes\State\Clear\GameClearState.cpp">
      <Filter>project\application\Scenes\State\Clear</Filter>
    </ClCompile>
    <ClCompile Include="project\application\Scenes\State\GameOver\GameOverState.cpp">
      <Filter>project\application\Scenes\State\GameOver</Filter>
    </ClCompile>
    <ClCompile Include="project\application\Scenes\State\Play\GamePlayState.cpp">
      <Filter>project\application\Scenes\State\Play</Filter>
    </ClCompile>
    <ClCompile Include="project\application\Scenes\State\Title\GameTitleState.cpp">
      <Filter>project\application\Scenes\State\Title</Filter>
    </ClCompile>
    <ClCompile Include="project\application\main.cpp">
      <Filter>project\application</Filter>
    </ClCompile>
    <ClCompile Include="project\externals\imgui\ImGuizmo.cpp">
      <Filter>project\externals\imguizmo</Filter>
    </ClCompile>
    <ClCompile Include="project\externals\imgui\imgui_tables.cpp">
      <Filter>project\externals\imgui</Filter>
    </ClCompile>
    <ClCompile Include="project\externals\imgui\imgui_widgets.cpp">
      <Filter>project\externals\imgui</Filter>
    </ClCompile>
    <ClCompile Include="project\externals\imgui\imgui.cpp">
      <Filter>project\externals\imgui</Filter>
    </ClCompile>
    <ClCompile Include="project\externals\imgui\imgui_demo.cpp">
      <Filter>project\externals\imgui</Filter>
    </ClCompile>
    <ClCompile Include="project\externals\imgui\imgui_draw.cpp">
      <Filter>project\externals\imgui</Filter>
    </ClCompile>
    <ClCompile Include="project\externals\imgui\imgui_impl_dx12.cpp">
      <Filter>project\externals\imgui</Filter>
    </ClCompile>
    <ClCompile Include="project\externals\imgui\imgui_impl_win32.cpp">
      <Filter>project\externals\imgui</Filter>
    </ClCompile>
    <ClCompile Include="project\Engine\Animation\Animation.cpp">
      <Filter>project\Engine\Animation</Filter>
    </ClCompile>
    <ClCompile Include="project\Engine\Audio\Audio.cpp">
      <Filter>project\Engine\Audio</Filter>
    </ClCompile>
    <ClCompile Include="project\Engine\Collider\Box\BoxCollider.cpp">
      <Filter>project\Engine\Collider\Box</Filter>
    </ClCompile>
    <ClCompile Include="project\Engine\Collider\ColliderModel\Box\BoxColliderModel.cpp">
      <Filter>project\Engine\Collider\ColliderModel\Box</Filter>
    </ClCompile>
    <ClCompile Include="project\Engine\Camera\DebugCamera\DebugCamera.cpp">
      <Filter>project\Engine\Camera\DebugCamera</Filter>
    </ClCompile>
    <ClCompile Include="project\Engine\Collider\OBB\OBBoxCollider.cpp">
      <Filter>project\Engine\Collider\OBB</Filter>
    </ClCompile>
    <ClCompile Include="project\Engine\Collider\ColliderModel\OBB\OBBColliderModel.cpp">
      <Filter>project\Engine\Collider\ColliderModel\OBB</Filter>
    </ClCompile>
    <ClCompile Include="project\Engine\Collider\Circle\CircleCollider.cpp">
      <Filter>project\Engine\Collider\Circle</Filter>
    </ClCompile>
    <ClCompile Include="project\Engine\Collider\ContactRecord\ContactRecord.cpp">
      <Filter>project\Engine\Collider\ContactRecord</Filter>
    </ClCompile>
    <ClCompile Include="project\Engine\Collider\Manager\CollisionManager.cpp">
      <Filter>project\Engine\Collider\Manager</Filter>
    </ClCompile>
    <ClCompile Include="project\Engine\Common\DirectX\DirectXCommon.cpp">
      <Filter>project\Engine\Common\DirectX</Filter>
    </ClCompile>
    <ClCompile Include="project\Engine\Common\Engine\MyEngine.cpp">
      <Filter>project\Engine\Common\Engine</Filter>
    </ClCompile>
    <ClCompile Include="project\Engine\Common\WinApp\WinApp.cpp">
      <Filter>project\Engine\Common\WinApp</Filter>
    </ClCompile>
    <ClCompile Include="project\Engine\Math\Calc.cpp">
      <Filter>project\Engine\Math</Filter>
    </ClCompile>
    <ClCompile Include="project\Engine\Utility\ease\Ease.cpp">
      <Filter>project\Engine\Utility\ease</Filter>
    </ClCompile>
    <ClCompile Include="project\Engine\Editer\Editer.cpp">
      <Filter>project\Engine\Editer</Filter>
    </ClCompile>
    <ClCompile Include="project\Engine\Input\Input.cpp">
      <Filter>project\Engine\Input</Filter>
    </ClCompile>
    <ClCompile Include="project\Engine\Light\Light.cpp">
      <Filter>project\Engine\Light</Filter>
    </ClCompile>
    <ClCompile Include="project\Engine\Manager\PSO\PSOManager.cpp">
      <Filter>project\Engine\Manager\PSO</Filter>
    </ClCompile>
    <ClCompile Include="project\Engine\Manager\RTV\RTVManager.cpp">
      <Filter>project\Engine\Manager\RTV</Filter>
    </ClCompile>
    <ClCompile Include="project\Engine\Manager\SRV\SRVManager.cpp">
      <Filter>project\Engine\Manager\SRV</Filter>
    </ClCompile>
    <ClCompile Include="project\Engine\Math\Matrix\Matrix4x4.cpp">
      <Filter>project\Engine\Math\Matrix</Filter>
    </ClCompile>
    <ClCompile Include="project\Engine\Math\Matrix\MatrixCalc.cpp">
      <Filter>project\Engine\Math\Matrix</Filter>
    </ClCompile>
    <ClCompile Include="project\Engine\Math\Quaternion\Quaternion.cpp">
      <Filter>project\Engine\Math\Quaternion</Filter>
    </ClCompile>
    <ClCompile Include="project\Engine\Math\Vector\Vector2.cpp">
      <Filter>project\Engine\Math\Vector</Filter>
    </ClCompile>
    <ClCompile Include="project\Engine\Math\Vector\Vector3.cpp">
      <Filter>project\Engine\Math\Vector</Filter>
    </ClCompile>
    <ClCompile Include="project\Engine\Object\Line\Line.cpp">
      <Filter>project\Engine\Object\Line</Filter>
    </ClCompile>
    <ClCompile Include="project\Engine\Object\Manager\ObjectManager.cpp">
      <Filter>project\Engine\Object\Manager</Filter>
    </ClCompile>
    <ClCompile Include="project\Engine\Object\Mesh\Mesh.cpp">
      <Filter>project\Engine\Object\Mesh</Filter>
    </ClCompile>
    <ClCompile Include="project\Engine\Object\Model\Model.cpp">
      <Filter>project\Engine\Object\Model</Filter>
    </ClCompile>
    <ClCompile Include="project\Engine\Object\Sphere\Sphere.cpp">
      <Filter>project\Engine\Object\Sphere</Filter>
    </ClCompile>
    <ClCompile Include="project\Engine\Object\IObject.cpp">
      <Filter>project\Engine\Object</Filter>
    </ClCompile>
    <ClCompile Include="project\Engine\ParticleSystem\PipeLine\ParticlePipeLine.cpp">
      <Filter>project\Engine\ParticleSystem\Pipeline</Filter>
    </ClCompile>
    <ClCompile Include="project\Engine\ParticleSystem\ParticleSystem.cpp">
      <Filter>project\Engine\ParticleSystem</Filter>
    </ClCompile>
    <ClCompile Include="project\Engine\PipelineState\CubeMap\CubeMap.cpp">
      <Filter>project\Engine\PipeLineState\CubeMap</Filter>
    </ClCompile>
    <ClCompile Include="project\Engine\PipelineState\Dissolve\Dissolve.cpp">
      <Filter>project\Engine\PipeLineState\Dissolve</Filter>
    </ClCompile>
    <ClCompile Include="project\Engine\PipelineState\DrawLine\DrawLinePSO.cpp">
      <Filter>project\Engine\PipeLineState\DrawLine</Filter>
    </ClCompile>
    <ClCompile Include="project\Engine\PipelineState\GaussianFilter\GaussianFilter.cpp">
      <Filter>project\Engine\PipeLineState\GaussianFilter</Filter>
    </ClCompile>
    <ClCompile Include="project\Engine\PipelineState\GrayScale\GrayScale.cpp">
      <Filter>project\Engine\PipeLineState\GrayScale</Filter>
    </ClCompile>
    <ClCompile Include="project\Engine\PipelineState\LuminanceBasedOutline\LuminanceBasedOutline.cpp">
      <Filter>project\Engine\PipeLineState\LuminanceBasedOutline</Filter>
    </ClCompile>
    <ClCompile Include="project\Engine\PipelineState\MotionBlur\MotionBlur.cpp">
      <Filter>project\Engine\PipeLineState\MotionBlur</Filter>
    </ClCompile>
    <ClCompile Include="project\Engine\PipelineState\PostProsess\PostProsessPSO.cpp">
      <Filter>project\Engine\PipeLineState\PostProsess</Filter>
    </ClCompile>
    <ClCompile Include="project\Engine\PipelineState\RGBtoHSV\RGBtoHSV.cpp">
      <Filter>project\Engine\PipeLineState\RGBtoHSV</Filter>
    </ClCompile>
    <ClCompile Include="project\Engine\PipelineState\Skinning\Skinning.cpp">
      <Filter>project\Engine\PipeLineState\Skinning</Filter>
    </ClCompile>
    <ClCompile Include="project\Engine\PipelineState\Sprite\SpritePSO.cpp">
      <Filter>project\Engine\PipeLineState\Sprite</Filter>
    </ClCompile>
    <ClCompile Include="project\Engine\PipelineState\Standard\Standard.cpp">
      <Filter>project\Engine\PipeLineState\Standard</Filter>
    </ClCompile>
    <ClCompile Include="project\Engine\PipelineState\Vignetting\Vignetting.cpp">
      <Filter>project\Engine\PipeLineState\Vignetting</Filter>
    </ClCompile>
    <ClCompile Include="project\Engine\PipelineState\WireFlame\WireFlame.cpp">
      <Filter>project\Engine\PipeLineState\WireFlame</Filter>
    </ClCompile>
    <ClCompile Include="project\Engine\Utility\GlobalVariables.cpp">
      <Filter>project\Engine\Utility</Filter>
    </ClCompile>
    <ClCompile Include="project\Engine\Utility\ImGuiManager.cpp">
      <Filter>project\Engine\Utility</Filter>
    </ClCompile>
    <ClCompile Include="project\Engine\Utility\LoadCSV.cpp">
      <Filter>project\Engine\Utility</Filter>
    </ClCompile>
    <ClCompile Include="project\Engine\Utility\Log.cpp">
      <Filter>project\Engine\Utility</Filter>
    </ClCompile>
    <ClCompile Include="project\Engine\PostProsess\Filter\Filter.cpp">
      <Filter>project\Engine\PostProsess\Filter</Filter>
    </ClCompile>
    <ClCompile Include="project\Engine\PostProsess\Normal\Normal.cpp">
      <Filter>project\Engine\PostProsess\Normal</Filter>
    </ClCompile>
    <ClCompile Include="project\Engine\PostProsess\PostProsess.cpp">
      <Filter>project\Engine\PostProsess</Filter>
    </ClCompile>
    <ClCompile Include="project\Engine\PostProsess\CubeMap\PPCubeMap.cpp">
      <Filter>project\Engine\PostProsess\CubeMap</Filter>
    </ClCompile>
    <ClCompile Include="project\Engine\PostProsess\Dissolve\PPDissolve.cpp">
      <Filter>project\Engine\PostProsess\Dissolve</Filter>
    </ClCompile>
    <ClCompile Include="project\Engine\PostProsess\GrayScale\PPGrayScale.cpp">
      <Filter>project\Engine\PostProsess\GrayScale</Filter>
    </ClCompile>
    <ClCompile Include="project\Engine\PostProsess\LuminanceBasedOutline\PPLuminanceBasedOutline.cpp">
      <Filter>project\Engine\PostProsess\LuminanceBasedOutline</Filter>
    </ClCompile>
    <ClCompile Include="project\Engine\PostProsess\RGBtoHSV\PPRGBtoHSV.cpp">
      <Filter>project\Engine\PostProsess\RGBtoHSV</Filter>
    </ClCompile>
    <ClCompile Include="project\Engine\PostProsess\Vinette\PPVinette.cpp">
      <Filter>project\Engine\PostProsess\Vinette</Filter>
    </ClCompile>
    <ClCompile Include="project\Engine\Renderer\Renderer.cpp">
      <Filter>project\Engine\Renderer</Filter>
    </ClCompile>
    <ClCompile Include="project\Engine\ShaderCompiler\ShaderCompiler.cpp">
      <Filter>project\Engine\ShaderCompiler</Filter>
    </ClCompile>
    <ClCompile Include="project\Engine\Sprite\Sprite.cpp">
      <Filter>project\Engine\Sprite</Filter>
    </ClCompile>
    <ClCompile Include="project\Engine\Texture\TextureManager.cpp">
      <Filter>project\Engine\Texture</Filter>
    </ClCompile>
    <ClCompile Include="project\Engine\ViewProj\ViewProjection.cpp">
      <Filter>project\Engine\ViewProj</Filter>
    </ClCompile>
    <ClCompile Include="project\Engine\WorldTransform\WorldTransform.cpp">
      <Filter>project\Engine\WorldTransform</Filter>
    </ClCompile>
    <ClCompile Include="project\application\Object\Player\State\PAttack\PAttack.cpp">
      <Filter>project\application\Object\Player\State\PAttack</Filter>
    </ClCompile>
    <ClCompile Include="project\application\Object\Player\State\PJump\PJump.cpp">
      <Filter>project\application\Object\Player\State\PJump</Filter>
    </ClCompile>
    <ClCompile Include="project\application\Object\Player\State\PRoot\PRoot.cpp">
      <Filter>project\application\Object\Player\State\PRoot</Filter>
    </ClCompile>
    <ClCompile Include="project\application\Object\Player\State\PDead\PDead.cpp">
      <Filter>project\application\Object\Player\State\PDead</Filter>
    </ClCompile>
    <ClCompile Include="project\application\Object\Enemy\Boss\State\EAttackRocketPunch\EAttackRocketPunch.cpp">
      <Filter>project\application\Object\Enemy\Boss\State\ERocketPunch</Filter>
    </ClCompile>
    <ClCompile Include="project\application\Scenes\State\Play\PauseMenu\PauseMenu.cpp">
      <Filter>project\application\Scenes\State\Play\PauseManu</Filter>
    </ClCompile>
  </ItemGroup>
  <ItemGroup>
    <ClInclude Include="project\application\Object\Box\BoxObject.h">
      <Filter>project\application\Object\Box</Filter>
    </ClInclude>
    <ClInclude Include="project\application\Object\Camera\FollowCamera.h">
      <Filter>project\application\Object\Camera</Filter>
    </ClInclude>
    <ClInclude Include="project\application\Object\Enemy\Enemy.h">
      <Filter>project\application\Object\Enemy</Filter>
    </ClInclude>
    <ClInclude Include="project\application\Object\Enemy\Manager\EnemyManager.h">
      <Filter>project\application\Object\Enemy\Manager</Filter>
    </ClInclude>
    <ClInclude Include="project\application\Object\Enemy\Boss\Boss.h">
      <Filter>project\application\Object\Enemy\Boss</Filter>
    </ClInclude>
    <ClInclude Include="project\application\Object\Enemy\Boss\Ball\Ball.h">
      <Filter>project\application\Object\Enemy\Boss\Ball</Filter>
    </ClInclude>
    <ClInclude Include="project\application\Object\Enemy\Boss\DummyBall\DummyBall.h">
      <Filter>project\application\Object\Enemy\Boss\DummyBall</Filter>
    </ClInclude>
    <ClInclude Include="project\application\Object\Enemy\Boss\State\EDown\EDown.h">
      <Filter>project\application\Object\Enemy\Boss\State\EDown</Filter>
    </ClInclude>
    <ClInclude Include="project\application\Object\Enemy\Boss\State\EDead\EDead.h">
      <Filter>project\application\Object\Enemy\Boss\State\EDead</Filter>
    </ClInclude>
    <ClInclude Include="project\application\Object\Enemy\Boss\State\EAttackSlam\EAttackSlam.h">
      <Filter>project\application\Object\Enemy\Boss\State\EAttackSlam</Filter>
    </ClInclude>
    <ClInclude Include="project\application\Object\Enemy\Boss\State\EAttackThrowball\EAttackThrowball.h">
      <Filter>project\application\Object\Enemy\Boss\State\EAttackThrowball</Filter>
    </ClInclude>
    <ClInclude Include="project\application\Object\Enemy\Boss\State\EReturnPosition\EReturnPosition.h">
      <Filter>project\application\Object\Enemy\Boss\State\EReturnPosition</Filter>
    </ClInclude>
    <ClInclude Include="project\application\Object\Enemy\Boss\State\ESpawn\ESpawn.h">
      <Filter>project\application\Object\Enemy\Boss\State\ESpawn</Filter>
    </ClInclude>
    <ClInclude Include="project\application\Object\Enemy\Boss\State\ERoot\ERoot.h">
      <Filter>project\application\Object\Enemy\Boss\State\ERoot</Filter>
    </ClInclude>
    <ClInclude Include="project\application\Object\Enemy\Boss\State\IBossState.h">
      <Filter>project\application\Object\Enemy\Boss\State</Filter>
    </ClInclude>
    <ClInclude Include="project\application\Object\FloorManager\FloorManager.h">
      <Filter>project\application\Object\FloorManager</Filter>
    </ClInclude>
    <ClInclude Include="project\application\Object\Plane\PlaneObject.h">
      <Filter>project\application\Object\Plane</Filter>
    </ClInclude>
    <ClInclude Include="project\application\Object\Player\Player.h">
      <Filter>project\application\Object\Player</Filter>
    </ClInclude>
    <ClInclude Include="project\application\Object\SkyBox\SkyBox.h">
      <Filter>project\application\Object\SkyBox</Filter>
    </ClInclude>
    <ClInclude Include="project\application\Object\SkyDome\SkyDome.h">
      <Filter>project\application\Object\SkyDome</Filter>
    </ClInclude>
    <ClInclude Include="project\application\Object\Transition\Fade\Fade.h">
      <Filter>project\application\Object\Transition\Fade</Filter>
    </ClInclude>
    <ClInclude Include="project\application\Scenes\Manager\GameManager.h">
      <Filter>project\application\Scenes\Manager</Filter>
    </ClInclude>
    <ClInclude Include="project\application\Scenes\State\IgameState.h">
      <Filter>project\application\Scenes\State</Filter>
    </ClInclude>
    <ClInclude Include="project\application\Scenes\State\Clear\GameClearState.h">
      <Filter>project\application\Scenes\State\Clear</Filter>
    </ClInclude>
    <ClInclude Include="project\application\Scenes\State\GameOver\GameOverState.h">
      <Filter>project\application\Scenes\State\GameOver</Filter>
    </ClInclude>
    <ClInclude Include="project\application\Scenes\State\Play\GamePlayState.h">
      <Filter>project\application\Scenes\State\Play</Filter>
    </ClInclude>
    <ClInclude Include="project\application\Scenes\State\Title\GameTitleState.h">
      <Filter>project\application\Scenes\State\Title</Filter>
    </ClInclude>
    <ClInclude Include="project\externals\imgui\ImGuizmo.h">
      <Filter>project\externals\imguizmo</Filter>
    </ClInclude>
    <ClInclude Include="project\externals\imgui\imstb_rectpack.h">
      <Filter>project\externals\imgui</Filter>
    </ClInclude>
    <ClInclude Include="project\externals\imgui\imstb_textedit.h">
      <Filter>project\externals\imgui</Filter>
    </ClInclude>
    <ClInclude Include="project\externals\imgui\imstb_truetype.h">
      <Filter>project\externals\imgui</Filter>
    </ClInclude>
    <ClInclude Include="project\externals\imgui\imconfig.h">
      <Filter>project\externals\imgui</Filter>
    </ClInclude>
    <ClInclude Include="project\externals\imgui\imgui.h">
      <Filter>project\externals\imgui</Filter>
    </ClInclude>
    <ClInclude Include="project\externals\imgui\imgui_impl_dx12.h">
      <Filter>project\externals\imgui</Filter>
    </ClInclude>
    <ClInclude Include="project\externals\imgui\imgui_impl_win32.h">
      <Filter>project\externals\imgui</Filter>
    </ClInclude>
    <ClInclude Include="project\externals\imgui\imgui_internal.h">
      <Filter>project\externals\imgui</Filter>
    </ClInclude>
    <ClInclude Include="project\externals\assimp\include\assimp\port\AndroidJNI\AndroidJNIIOSystem.h">
      <Filter>project\externals\assimp\include\assimp\port</Filter>
    </ClInclude>
    <ClInclude Include="project\externals\assimp\include\assimp\port\AndroidJNI\BundledAssetIOSystem.h">
      <Filter>project\externals\assimp\include\assimp\port</Filter>
    </ClInclude>
    <ClInclude Include="project\externals\assimp\include\assimp\Compiler\poppack1.h">
      <Filter>project\externals\assimp\include\assimp\Compiler</Filter>
    </ClInclude>
    <ClInclude Include="project\externals\assimp\include\assimp\Compiler\pstdint.h">
      <Filter>project\externals\assimp\include\assimp\Compiler</Filter>
    </ClInclude>
    <ClInclude Include="project\externals\assimp\include\assimp\Compiler\pushpack1.h">
      <Filter>project\externals\assimp\include\assimp\Compiler</Filter>
    </ClInclude>
    <ClInclude Include="project\externals\assimp\include\assimp\XMLTools.h">
      <Filter>project\externals\assimp\include\assimp</Filter>
    </ClInclude>
    <ClInclude Include="project\externals\assimp\include\assimp\ZipArchiveIOSystem.h">
      <Filter>project\externals\assimp\include\assimp</Filter>
    </ClInclude>
    <ClInclude Include="project\externals\assimp\include\assimp\aabb.h">
      <Filter>project\externals\assimp\include\assimp</Filter>
    </ClInclude>
    <ClInclude Include="project\externals\assimp\include\assimp\ai_assert.h">
      <Filter>project\externals\assimp\include\assimp</Filter>
    </ClInclude>
    <ClInclude Include="project\externals\assimp\include\assimp\anim.h">
      <Filter>project\externals\assimp\include\assimp</Filter>
    </ClInclude>
    <ClInclude Include="project\externals\assimp\include\assimp\AssertHandler.h">
      <Filter>project\externals\assimp\include\assimp</Filter>
    </ClInclude>
    <ClInclude Include="project\externals\assimp\include\assimp\Base64.hpp">
      <Filter>project\externals\assimp\include\assimp</Filter>
    </ClInclude>
    <ClInclude Include="project\externals\assimp\include\assimp\BaseImporter.h">
      <Filter>project\externals\assimp\include\assimp</Filter>
    </ClInclude>
    <ClInclude Include="project\externals\assimp\include\assimp\Bitmap.h">
      <Filter>project\externals\assimp\include\assimp</Filter>
    </ClInclude>
    <ClInclude Include="project\externals\assimp\include\assimp\BlobIOSystem.h">
      <Filter>project\externals\assimp\include\assimp</Filter>
    </ClInclude>
    <ClInclude Include="project\externals\assimp\include\assimp\ByteSwapper.h">
      <Filter>project\externals\assimp\include\assimp</Filter>
    </ClInclude>
    <ClInclude Include="project\externals\assimp\include\assimp\camera.h">
      <Filter>project\externals\assimp\include\assimp</Filter>
    </ClInclude>
    <ClInclude Include="project\externals\assimp\include\assimp\cexport.h">
      <Filter>project\externals\assimp\include\assimp</Filter>
    </ClInclude>
    <ClInclude Include="project\externals\assimp\include\assimp\cfileio.h">
      <Filter>project\externals\assimp\include\assimp</Filter>
    </ClInclude>
    <ClInclude Include="project\externals\assimp\include\assimp\cimport.h">
      <Filter>project\externals\assimp\include\assimp</Filter>
    </ClInclude>
    <ClInclude Include="project\externals\assimp\include\assimp\ColladaMetaData.h">
      <Filter>project\externals\assimp\include\assimp</Filter>
    </ClInclude>
    <ClInclude Include="project\externals\assimp\include\assimp\color4.h">
      <Filter>project\externals\assimp\include\assimp</Filter>
    </ClInclude>
    <ClInclude Include="project\externals\assimp\include\assimp\commonMetaData.h">
      <Filter>project\externals\assimp\include\assimp</Filter>
    </ClInclude>
    <ClInclude Include="project\externals\assimp\include\assimp\config.h">
      <Filter>project\externals\assimp\include\assimp</Filter>
    </ClInclude>
    <ClInclude Include="project\externals\assimp\include\assimp\CreateAnimMesh.h">
      <Filter>project\externals\assimp\include\assimp</Filter>
    </ClInclude>
    <ClInclude Include="project\externals\assimp\include\assimp\DefaultIOStream.h">
      <Filter>project\externals\assimp\include\assimp</Filter>
    </ClInclude>
    <ClInclude Include="project\externals\assimp\include\assimp\DefaultIOSystem.h">
      <Filter>project\externals\assimp\include\assimp</Filter>
    </ClInclude>
    <ClInclude Include="project\externals\assimp\include\assimp\DefaultLogger.hpp">
      <Filter>project\externals\assimp\include\assimp</Filter>
    </ClInclude>
    <ClInclude Include="project\externals\assimp\include\assimp\defs.h">
      <Filter>project\externals\assimp\include\assimp</Filter>
    </ClInclude>
    <ClInclude Include="project\externals\assimp\include\assimp\Exceptional.h">
      <Filter>project\externals\assimp\include\assimp</Filter>
    </ClInclude>
    <ClInclude Include="project\externals\assimp\include\assimp\Exporter.hpp">
      <Filter>project\externals\assimp\include\assimp</Filter>
    </ClInclude>
    <ClInclude Include="project\externals\assimp\include\assimp\fast_atof.h">
      <Filter>project\externals\assimp\include\assimp</Filter>
    </ClInclude>
    <ClInclude Include="project\externals\assimp\include\assimp\GenericProperty.h">
      <Filter>project\externals\assimp\include\assimp</Filter>
    </ClInclude>
    <ClInclude Include="project\externals\assimp\include\assimp\GltfMaterial.h">
      <Filter>project\externals\assimp\include\assimp</Filter>
    </ClInclude>
    <ClInclude Include="project\externals\assimp\include\assimp\Hash.h">
      <Filter>project\externals\assimp\include\assimp</Filter>
    </ClInclude>
    <ClInclude Include="project\externals\assimp\include\assimp\Importer.hpp">
      <Filter>project\externals\assimp\include\assimp</Filter>
    </ClInclude>
    <ClInclude Include="project\externals\assimp\include\assimp\importerdesc.h">
      <Filter>project\externals\assimp\include\assimp</Filter>
    </ClInclude>
    <ClInclude Include="project\externals\assimp\include\assimp\IOStream.hpp">
      <Filter>project\externals\assimp\include\assimp</Filter>
    </ClInclude>
    <ClInclude Include="project\externals\assimp\include\assimp\IOStreamBuffer.h">
      <Filter>project\externals\assimp\include\assimp</Filter>
    </ClInclude>
    <ClInclude Include="project\externals\assimp\include\assimp\IOSystem.hpp">
      <Filter>project\externals\assimp\include\assimp</Filter>
    </ClInclude>
    <ClInclude Include="project\externals\assimp\include\assimp\light.h">
      <Filter>project\externals\assimp\include\assimp</Filter>
    </ClInclude>
    <ClInclude Include="project\externals\assimp\include\assimp\LineSplitter.h">
      <Filter>project\externals\assimp\include\assimp</Filter>
    </ClInclude>
    <ClInclude Include="project\externals\assimp\include\assimp\LogAux.h">
      <Filter>project\externals\assimp\include\assimp</Filter>
    </ClInclude>
    <ClInclude Include="project\externals\assimp\include\assimp\Logger.hpp">
      <Filter>project\externals\assimp\include\assimp</Filter>
    </ClInclude>
    <ClInclude Include="project\externals\assimp\include\assimp\LogStream.hpp">
      <Filter>project\externals\assimp\include\assimp</Filter>
    </ClInclude>
    <ClInclude Include="project\externals\assimp\include\assimp\material.h">
      <Filter>project\externals\assimp\include\assimp</Filter>
    </ClInclude>
    <ClInclude Include="project\externals\assimp\include\assimp\MathFunctions.h">
      <Filter>project\externals\assimp\include\assimp</Filter>
    </ClInclude>
    <ClInclude Include="project\externals\assimp\include\assimp\matrix3x3.h">
      <Filter>project\externals\assimp\include\assimp</Filter>
    </ClInclude>
    <ClInclude Include="project\externals\assimp\include\assimp\matrix4x4.h">
      <Filter>project\externals\assimp\include\assimp</Filter>
    </ClInclude>
    <ClInclude Include="project\externals\assimp\include\assimp\MemoryIOWrapper.h">
      <Filter>project\externals\assimp\include\assimp</Filter>
    </ClInclude>
    <ClInclude Include="project\externals\assimp\include\assimp\mesh.h">
      <Filter>project\externals\assimp\include\assimp</Filter>
    </ClInclude>
    <ClInclude Include="project\externals\assimp\include\assimp\metadata.h">
      <Filter>project\externals\assimp\include\assimp</Filter>
    </ClInclude>
    <ClInclude Include="project\externals\assimp\include\assimp\NullLogger.hpp">
      <Filter>project\externals\assimp\include\assimp</Filter>
    </ClInclude>
    <ClInclude Include="project\externals\assimp\include\assimp\ObjMaterial.h">
      <Filter>project\externals\assimp\include\assimp</Filter>
    </ClInclude>
    <ClInclude Include="project\externals\assimp\include\assimp\ParsingUtils.h">
      <Filter>project\externals\assimp\include\assimp</Filter>
    </ClInclude>
    <ClInclude Include="project\externals\assimp\include\assimp\pbrmaterial.h">
      <Filter>project\externals\assimp\include\assimp</Filter>
    </ClInclude>
    <ClInclude Include="project\externals\assimp\include\assimp\postprocess.h">
      <Filter>project\externals\assimp\include\assimp</Filter>
    </ClInclude>
    <ClInclude Include="project\externals\assimp\include\assimp\Profiler.h">
      <Filter>project\externals\assimp\include\assimp</Filter>
    </ClInclude>
    <ClInclude Include="project\externals\assimp\include\assimp\ProgressHandler.hpp">
      <Filter>project\externals\assimp\include\assimp</Filter>
    </ClInclude>
    <ClInclude Include="project\externals\assimp\include\assimp\qnan.h">
      <Filter>project\externals\assimp\include\assimp</Filter>
    </ClInclude>
    <ClInclude Include="project\externals\assimp\include\assimp\quaternion.h">
      <Filter>project\externals\assimp\include\assimp</Filter>
    </ClInclude>
    <ClInclude Include="project\externals\assimp\include\assimp\RemoveComments.h">
      <Filter>project\externals\assimp\include\assimp</Filter>
    </ClInclude>
    <ClInclude Include="project\externals\assimp\include\assimp\scene.h">
      <Filter>project\externals\assimp\include\assimp</Filter>
    </ClInclude>
    <ClInclude Include="project\externals\assimp\include\assimp\SceneCombiner.h">
      <Filter>project\externals\assimp\include\assimp</Filter>
    </ClInclude>
    <ClInclude Include="project\externals\assimp\include\assimp\SGSpatialSort.h">
      <Filter>project\externals\assimp\include\assimp</Filter>
    </ClInclude>
    <ClInclude Include="project\externals\assimp\include\assimp\SkeletonMeshBuilder.h">
      <Filter>project\externals\assimp\include\assimp</Filter>
    </ClInclude>
    <ClInclude Include="project\externals\assimp\include\assimp\SmallVector.h">
      <Filter>project\externals\assimp\include\assimp</Filter>
    </ClInclude>
    <ClInclude Include="project\externals\assimp\include\assimp\SmoothingGroups.h">
      <Filter>project\externals\assimp\include\assimp</Filter>
    </ClInclude>
    <ClInclude Include="project\externals\assimp\include\assimp\SpatialSort.h">
      <Filter>project\externals\assimp\include\assimp</Filter>
    </ClInclude>
    <ClInclude Include="project\externals\assimp\include\assimp\StandardShapes.h">
      <Filter>project\externals\assimp\include\assimp</Filter>
    </ClInclude>
    <ClInclude Include="project\externals\assimp\include\assimp\StreamReader.h">
      <Filter>project\externals\assimp\include\assimp</Filter>
    </ClInclude>
    <ClInclude Include="project\externals\assimp\include\assimp\StreamWriter.h">
      <Filter>project\externals\assimp\include\assimp</Filter>
    </ClInclude>
    <ClInclude Include="project\externals\assimp\include\assimp\StringComparison.h">
      <Filter>project\externals\assimp\include\assimp</Filter>
    </ClInclude>
    <ClInclude Include="project\externals\assimp\include\assimp\StringUtils.h">
      <Filter>project\externals\assimp\include\assimp</Filter>
    </ClInclude>
    <ClInclude Include="project\externals\assimp\include\assimp\Subdivision.h">
      <Filter>project\externals\assimp\include\assimp</Filter>
    </ClInclude>
    <ClInclude Include="project\externals\assimp\include\assimp\texture.h">
      <Filter>project\externals\assimp\include\assimp</Filter>
    </ClInclude>
    <ClInclude Include="project\externals\assimp\include\assimp\TinyFormatter.h">
      <Filter>project\externals\assimp\include\assimp</Filter>
    </ClInclude>
    <ClInclude Include="project\externals\assimp\include\assimp\types.h">
      <Filter>project\externals\assimp\include\assimp</Filter>
    </ClInclude>
    <ClInclude Include="project\externals\assimp\include\assimp\vector2.h">
      <Filter>project\externals\assimp\include\assimp</Filter>
    </ClInclude>
    <ClInclude Include="project\externals\assimp\include\assimp\vector3.h">
      <Filter>project\externals\assimp\include\assimp</Filter>
    </ClInclude>
    <ClInclude Include="project\externals\assimp\include\assimp\version.h">
      <Filter>project\externals\assimp\include\assimp</Filter>
    </ClInclude>
    <ClInclude Include="project\externals\assimp\include\assimp\Vertex.h">
      <Filter>project\externals\assimp\include\assimp</Filter>
    </ClInclude>
    <ClInclude Include="project\externals\assimp\include\assimp\XmlParser.h">
      <Filter>project\externals\assimp\include\assimp</Filter>
    </ClInclude>
    <ClInclude Include="project\Engine\Animation\Animation.h">
      <Filter>project\Engine\Animation</Filter>
    </ClInclude>
    <ClInclude Include="project\Engine\Audio\Audio.h">
      <Filter>project\Engine\Audio</Filter>
    </ClInclude>
    <ClInclude Include="project\Engine\Collider\Box\BoxCollider.h">
      <Filter>project\Engine\Collider\Box</Filter>
    </ClInclude>
    <ClInclude Include="project\Engine\Collider\ColliderModel\Box\BoxColliderModel.h">
      <Filter>project\Engine\Collider\ColliderModel\Box</Filter>
    </ClInclude>
    <ClInclude Include="project\Engine\Camera\Camera.h">
      <Filter>project\Engine\Camera</Filter>
    </ClInclude>
    <ClInclude Include="project\Engine\Camera\DebugCamera\DebugCamera.h">
      <Filter>project\Engine\Camera\DebugCamera</Filter>
    </ClInclude>
    <ClInclude Include="project\Engine\Collider\OBB\OBBoxCollider.h">
      <Filter>project\Engine\Collider\OBB</Filter>
    </ClInclude>
    <ClInclude Include="project\Engine\Collider\ColliderModel\OBB\OBBColliderModel.h">
      <Filter>project\Engine\Collider\ColliderModel\OBB</Filter>
    </ClInclude>
    <ClInclude Include="project\Engine\Collider\Circle\CircleCollider.h">
      <Filter>project\Engine\Collider\Circle</Filter>
    </ClInclude>
    <ClInclude Include="project\Engine\Collider\ContactRecord\ContactRecord.h">
      <Filter>project\Engine\Collider\ContactRecord</Filter>
    </ClInclude>
    <ClInclude Include="project\Engine\Collider\Manager\CollisionManager.h">
      <Filter>project\Engine\Collider\Manager</Filter>
    </ClInclude>
    <ClInclude Include="project\Engine\Collider\CollisionConfig.h">
      <Filter>project\Engine\Collider</Filter>
    </ClInclude>
    <ClInclude Include="project\Engine\Collider\ICollider.h">
      <Filter>project\Engine\Collider</Filter>
    </ClInclude>
    <ClInclude Include="project\Engine\Animation\KeyFrame\Struct\KeyFrame_Struct.h">
      <Filter>project\Engine\Animation\KeyFrame\struct</Filter>
    </ClInclude>
    <ClInclude Include="project\Engine\Common\DirectX\DirectXCommon.h">
      <Filter>project\Engine\Common\DirectX</Filter>
    </ClInclude>
    <ClInclude Include="project\Engine\Common\Engine\MyEngine.h">
      <Filter>project\Engine\Common\Engine</Filter>
    </ClInclude>
    <ClInclude Include="project\Engine\Common\WinApp\WinApp.h">
      <Filter>project\Engine\Common\WinApp</Filter>
    </ClInclude>
    <ClInclude Include="project\Engine\Math\Calc.h">
      <Filter>project\Engine\Math</Filter>
    </ClInclude>
    <ClInclude Include="project\Engine\Utility\ease\Ease.h">
      <Filter>project\Engine\Utility\ease</Filter>
    </ClInclude>
    <ClInclude Include="project\Engine\Editer\Editer.h">
      <Filter>project\Engine\Editer</Filter>
    </ClInclude>
    <ClInclude Include="project\Engine\Input\Input.h">
      <Filter>project\Engine\Input</Filter>
    </ClInclude>
    <ClInclude Include="project\Engine\Light\Light.h">
      <Filter>project\Engine\Light</Filter>
    </ClInclude>
    <ClInclude Include="project\Engine\Manager\PSO\PSOManager.h">
      <Filter>project\Engine\Manager\PSO</Filter>
    </ClInclude>
    <ClInclude Include="project\Engine\Manager\RTV\RTVManager.h">
      <Filter>project\Engine\Manager\RTV</Filter>
    </ClInclude>
    <ClInclude Include="project\Engine\Manager\SRV\SRVManager.h">
      <Filter>project\Engine\Manager\SRV</Filter>
    </ClInclude>
    <ClInclude Include="project\Engine\Math\Math_Structs.h">
      <Filter>project\Engine\Math</Filter>
    </ClInclude>
    <ClInclude Include="project\Engine\Math\Matrix\Matrix3x3.h">
      <Filter>project\Engine\Math\Matrix</Filter>
    </ClInclude>
    <ClInclude Include="project\Engine\Math\Matrix\Matrix4x4.h">
      <Filter>project\Engine\Math\Matrix</Filter>
    </ClInclude>
    <ClInclude Include="project\Engine\Math\Matrix\MatrixCalc.h">
      <Filter>project\Engine\Math\Matrix</Filter>
    </ClInclude>
    <ClInclude Include="project\Engine\Math\Quaternion\Quaternion.h">
      <Filter>project\Engine\Math\Quaternion</Filter>
    </ClInclude>
    <ClInclude Include="project\Engine\Math\Vector\Vector2.h">
      <Filter>project\Engine\Math\Vector</Filter>
    </ClInclude>
    <ClInclude Include="project\Engine\Math\Vector\Vector3.h">
      <Filter>project\Engine\Math\Vector</Filter>
    </ClInclude>
    <ClInclude Include="project\Engine\Math\Vector\Vector4.h">
      <Filter>project\Engine\Math\Vector</Filter>
    </ClInclude>
    <ClInclude Include="project\Engine\Model_Struct\Material.h">
      <Filter>project\Engine\Model_Struct</Filter>
    </ClInclude>
    <ClInclude Include="project\Engine\Model_Struct\ModelData.h">
      <Filter>project\Engine\Model_Struct</Filter>
    </ClInclude>
    <ClInclude Include="project\Engine\Model_Struct\Transform.h">
      <Filter>project\Engine\Model_Struct</Filter>
    </ClInclude>
    <ClInclude Include="project\Engine\Model_Struct\VertexData.h">
      <Filter>project\Engine\Model_Struct</Filter>
    </ClInclude>
    <ClInclude Include="project\Engine\Object\Line\Line.h">
      <Filter>project\Engine\Object\Line</Filter>
    </ClInclude>
    <ClInclude Include="project\Engine\Object\Manager\ObjectManager.h">
      <Filter>project\Engine\Object\Manager</Filter>
    </ClInclude>
    <ClInclude Include="project\Engine\Object\Mesh\Mesh.h">
      <Filter>project\Engine\Object\Mesh</Filter>
    </ClInclude>
    <ClInclude Include="project\Engine\Object\Model\Model.h">
      <Filter>project\Engine\Object\Model</Filter>
    </ClInclude>
    <ClInclude Include="project\Engine\Object\Sphere\Sphere.h">
      <Filter>project\Engine\Object\Sphere</Filter>
    </ClInclude>
    <ClInclude Include="project\Engine\Object\IObject.h">
      <Filter>project\Engine\Object</Filter>
    </ClInclude>
    <ClInclude Include="project\Engine\ParticleSystem\Emitter\Emitter.h">
      <Filter>project\Engine\ParticleSystem\Emitter</Filter>
    </ClInclude>
    <ClInclude Include="project\Engine\ParticleSystem\PipeLine\ParticlePipeLine.h">
      <Filter>project\Engine\ParticleSystem\Pipeline</Filter>
    </ClInclude>
    <ClInclude Include="project\Engine\ParticleSystem\ParticleSystem.h">
      <Filter>project\Engine\ParticleSystem</Filter>
    </ClInclude>
    <ClInclude Include="project\Engine\PipelineState\CubeMap\CubeMap.h">
      <Filter>project\Engine\PipeLineState\CubeMap</Filter>
    </ClInclude>
    <ClInclude Include="project\Engine\PipelineState\Dissolve\Dissolve.h">
      <Filter>project\Engine\PipeLineState\Dissolve</Filter>
    </ClInclude>
    <ClInclude Include="project\Engine\PipelineState\DrawLine\DrawLinePSO.h">
      <Filter>project\Engine\PipeLineState\DrawLine</Filter>
    </ClInclude>
    <ClInclude Include="project\Engine\PipelineState\GaussianFilter\GaussianFilter.h">
      <Filter>project\Engine\PipeLineState\GaussianFilter</Filter>
    </ClInclude>
    <ClInclude Include="project\Engine\PipelineState\GrayScale\GrayScale.h">
      <Filter>project\Engine\PipeLineState\GrayScale</Filter>
    </ClInclude>
    <ClInclude Include="project\Engine\PipelineState\LuminanceBasedOutline\LuminanceBasedOutline.h">
      <Filter>project\Engine\PipeLineState\LuminanceBasedOutline</Filter>
    </ClInclude>
    <ClInclude Include="project\Engine\PipelineState\MotionBlur\MotionBlur.h">
      <Filter>project\Engine\PipeLineState\MotionBlur</Filter>
    </ClInclude>
    <ClInclude Include="project\Engine\PipelineState\PostProsess\PostProsessPSO.h">
      <Filter>project\Engine\PipeLineState\PostProsess</Filter>
    </ClInclude>
    <ClInclude Include="project\Engine\PipelineState\RGBtoHSV\RGBtoHSV.h">
      <Filter>project\Engine\PipeLineState\RGBtoHSV</Filter>
    </ClInclude>
    <ClInclude Include="project\Engine\PipelineState\Skinning\Skinning.h">
      <Filter>project\Engine\PipeLineState\Skinning</Filter>
    </ClInclude>
    <ClInclude Include="project\Engine\PipelineState\Sprite\SpritePSO.h">
      <Filter>project\Engine\PipeLineState\Sprite</Filter>
    </ClInclude>
    <ClInclude Include="project\Engine\PipelineState\Standard\Standard.h">
      <Filter>project\Engine\PipeLineState\Standard</Filter>
    </ClInclude>
    <ClInclude Include="project\Engine\PipelineState\Vignetting\Vignetting.h">
      <Filter>project\Engine\PipeLineState\Vignetting</Filter>
    </ClInclude>
    <ClInclude Include="project\Engine\PipelineState\WireFlame\WireFlame.h">
      <Filter>project\Engine\PipeLineState\WireFlame</Filter>
    </ClInclude>
    <ClInclude Include="project\Engine\PipelineState\IPipelineStateObject.h">
      <Filter>project\Engine\PipeLineState</Filter>
    </ClInclude>
    <ClInclude Include="project\Engine\PipelineState\PipeLineTags.h">
      <Filter>project\Engine\PipeLineState</Filter>
    </ClInclude>
    <ClInclude Include="project\Engine\Utility\GlobalVariables.h">
      <Filter>project\Engine\Utility</Filter>
    </ClInclude>
    <ClInclude Include="project\Engine\Utility\ImGuiManager.h">
      <Filter>project\Engine\Utility</Filter>
    </ClInclude>
    <ClInclude Include="project\Engine\Utility\LoadCSV.h">
      <Filter>project\Engine\Utility</Filter>
    </ClInclude>
    <ClInclude Include="project\Engine\Utility\Log.h">
      <Filter>project\Engine\Utility</Filter>
    </ClInclude>
    <ClInclude Include="project\Engine\PostProsess\Filter\Filter.h">
      <Filter>project\Engine\PostProsess\Filter</Filter>
    </ClInclude>
    <ClInclude Include="project\Engine\PostProsess\Normal\Normal.h">
      <Filter>project\Engine\PostProsess\Normal</Filter>
    </ClInclude>
    <ClInclude Include="project\Engine\PostProsess\PostProsess.h">
      <Filter>project\Engine\PostProsess</Filter>
    </ClInclude>
    <ClInclude Include="project\Engine\PostProsess\CubeMap\PPCubeMap.h">
      <Filter>project\Engine\PostProsess\CubeMap</Filter>
    </ClInclude>
    <ClInclude Include="project\Engine\PostProsess\Dissolve\PPDissolve.h">
      <Filter>project\Engine\PostProsess\Dissolve</Filter>
    </ClInclude>
    <ClInclude Include="project\Engine\PostProsess\GrayScale\PPGrayScale.h">
      <Filter>project\Engine\PostProsess\GrayScale</Filter>
    </ClInclude>
    <ClInclude Include="project\Engine\PostProsess\LuminanceBasedOutline\PPLuminanceBasedOutline.h">
      <Filter>project\Engine\PostProsess\LuminanceBasedOutline</Filter>
    </ClInclude>
    <ClInclude Include="project\Engine\PostProsess\RGBtoHSV\PPRGBtoHSV.h">
      <Filter>project\Engine\PostProsess\RGBtoHSV</Filter>
    </ClInclude>
    <ClInclude Include="project\Engine\PostProsess\Vinette\PPVinette.h">
      <Filter>project\Engine\PostProsess\Vinette</Filter>
    </ClInclude>
    <ClInclude Include="project\Engine\Renderer\Renderer.h">
      <Filter>project\Engine\Renderer</Filter>
    </ClInclude>
    <ClInclude Include="project\Engine\ShaderCompiler\ShaderCompiler.h">
      <Filter>project\Engine\ShaderCompiler</Filter>
    </ClInclude>
    <ClInclude Include="project\Engine\Sprite\Sprite.h">
      <Filter>project\Engine\Sprite</Filter>
    </ClInclude>
    <ClInclude Include="project\Engine\Texture\TextureManager.h">
      <Filter>project\Engine\Texture</Filter>
    </ClInclude>
    <ClInclude Include="project\Engine\ViewProj\ViewProjection.h">
      <Filter>project\Engine\ViewProj</Filter>
    </ClInclude>
    <ClInclude Include="project\Engine\WorldTransform\WorldTransform.h">
      <Filter>project\Engine\WorldTransform</Filter>
    </ClInclude>
    <ClInclude Include="project\application\Object\Player\State\PAttack\PAttack.h">
      <Filter>project\application\Object\Player\State\PAttack</Filter>
    </ClInclude>
    <ClInclude Include="project\application\Object\Player\State\IPlayerState.h">
      <Filter>project\application\Object\Player\State</Filter>
    </ClInclude>
    <ClInclude Include="project\application\Object\Player\State\PJump\PJump.h">
      <Filter>project\application\Object\Player\State\PJump</Filter>
    </ClInclude>
    <ClInclude Include="project\application\Object\Player\State\PRoot\PRoot.h">
      <Filter>project\application\Object\Player\State\PRoot</Filter>
    </ClInclude>
    <ClInclude Include="project\application\Object\Player\State\PDead\PDead.h">
      <Filter>project\application\Object\Player\State\PDead</Filter>
    </ClInclude>
    <ClInclude Include="project\application\Object\Enemy\Boss\State\EAttackRocketPunch\EAttackRocketPunch.h">
      <Filter>project\application\Object\Enemy\Boss\State\ERocketPunch</Filter>
    </ClInclude>
    <ClInclude Include="project\Engine\Utility\GlobalTime.h">
      <Filter>project\Engine\Utility</Filter>
    </ClInclude>
    <ClInclude Include="project\application\Scenes\State\Play\PauseMenu\PauseMenu.h">
      <Filter>project\application\Scenes\State\Play\PauseManu</Filter>
    </ClInclude>
    <ClInclude Include="project\application\Scenes\State\Play\GamePlayPhase\GamePlayStatePhase.h" />
    <ClInclude Include="project\application\Scenes\State\Play\GamePlayPhase\TitlePhase\TitlePhase.h" />
    <ClInclude Include="project\application\Scenes\State\Play\GamePlayPhase\PlayPhase\PlayPhase.h" />
    <ClInclude Include="project\application\Scenes\State\Play\GamePlayPhase\GameOverPhase\GameOverPhase.h" />
    <ClInclude Include="project\application\Scenes\State\Play\GamePlayPhase\ClearPhase\ClearPhase.h" />
  </ItemGroup>
  <ItemGroup>
    <None Include="resources\hlsl\Object3d.hlsli">
      <Filter>リソース ファイル\hlsl</Filter>
    </None>
    <None Include="resources\hlsl\Particle\Particle.hlsli">
      <Filter>リソース ファイル\hlsl</Filter>
    </None>
    <None Include="resources\hlsl\FullScreen.hlsli">
      <Filter>リソース ファイル\hlsl</Filter>
    </None>
    <None Include="resources\hlsl\line\Line.hlsli">
      <Filter>リソース ファイル\hlsl</Filter>
    </None>
    <None Include="project\externals\assimp\include\assimp\.editorconfig">
      <Filter>project\externals\assimp\include\assimp</Filter>
    </None>
    <None Include="project\externals\assimp\include\assimp\color4.inl">
      <Filter>project\externals\assimp\include\assimp</Filter>
    </None>
    <None Include="project\externals\assimp\include\assimp\config.h.in">
      <Filter>project\externals\assimp\include\assimp</Filter>
    </None>
    <None Include="project\externals\assimp\include\assimp\material.inl">
      <Filter>project\externals\assimp\include\assimp</Filter>
    </None>
    <None Include="project\externals\assimp\include\assimp\matrix3x3.inl">
      <Filter>project\externals\assimp\include\assimp</Filter>
    </None>
    <None Include="project\externals\assimp\include\assimp\matrix4x4.inl">
      <Filter>project\externals\assimp\include\assimp</Filter>
    </None>
    <None Include="project\externals\assimp\include\assimp\quaternion.inl">
      <Filter>project\externals\assimp\include\assimp</Filter>
    </None>
    <None Include="project\externals\assimp\include\assimp\SmoothingGroups.inl">
      <Filter>project\externals\assimp\include\assimp</Filter>
    </None>
    <None Include="project\externals\assimp\include\assimp\vector2.inl">
      <Filter>project\externals\assimp\include\assimp</Filter>
    </None>
    <None Include="project\externals\assimp\include\assimp\vector3.inl">
      <Filter>project\externals\assimp\include\assimp</Filter>
    </None>
  </ItemGroup>
  <ItemGroup>
    <FxCompile Include="resources\hlsl\Object3D\Object3d.PS.hlsl">
      <Filter>リソース ファイル\hlsl</Filter>
    </FxCompile>
    <FxCompile Include="resources\hlsl\Object3D\Object3d.VS.hlsl">
      <Filter>リソース ファイル\hlsl</Filter>
    </FxCompile>
    <FxCompile Include="resources\hlsl\PostProsess.hlsl">
      <Filter>リソース ファイル\hlsl</Filter>
    </FxCompile>
    <FxCompile Include="resources\hlsl\Sprite\Sprite.PS.hlsl">
      <Filter>リソース ファイル\hlsl</Filter>
    </FxCompile>
    <FxCompile Include="resources\hlsl\Sprite\Sprite.VS.hlsl">
      <Filter>リソース ファイル\hlsl</Filter>
    </FxCompile>
    <FxCompile Include="resources\hlsl\Particle\Particle.PS.hlsl">
      <Filter>リソース ファイル\hlsl</Filter>
    </FxCompile>
    <FxCompile Include="resources\hlsl\Particle\Particle.VS.hlsl">
      <Filter>リソース ファイル\hlsl</Filter>
    </FxCompile>
    <FxCompile Include="resources\hlsl\FullScreen.VS.hlsl">
      <Filter>リソース ファイル\hlsl</Filter>
    </FxCompile>
    <FxCompile Include="resources\hlsl\FullScreen.PS.hlsl">
      <Filter>リソース ファイル\hlsl</Filter>
    </FxCompile>
    <FxCompile Include="resources\hlsl\GaussianFilter\GaussianFilter.PS.hlsl">
      <Filter>リソース ファイル\hlsl</Filter>
    </FxCompile>
    <FxCompile Include="resources\hlsl\GaussianFilter\GaussianFilter.VS.hlsl">
      <Filter>リソース ファイル\hlsl</Filter>
    </FxCompile>
    <FxCompile Include="resources\hlsl\line\Line.PS.hlsl">
      <Filter>リソース ファイル\hlsl</Filter>
    </FxCompile>
    <FxCompile Include="resources\hlsl\line\Line.VS.hlsl">
      <Filter>リソース ファイル\hlsl</Filter>
    </FxCompile>
    <FxCompile Include="resources\hlsl\Skining\SkinningObject3d.VS.hlsl">
      <Filter>リソース ファイル\hlsl</Filter>
    </FxCompile>
  </ItemGroup>
  <ItemGroup>
    <Text Include="project\externals\imgui\LICENSE.txt">
      <Filter>project\externals\imgui</Filter>
    </Text>
  </ItemGroup>
</Project>